// !$*UTF8*$!
{
	archiveVersion = 1;
	classes = {
	};
	objectVersion = 55;
	objects = {

/* Begin PBXBuildFile section */
		06F6466972C942FB043F0E3B /* Pods_study_RxSwift.framework in Frameworks */ = {isa = PBXBuildFile; fileRef = AA301C32761B2E3942B171F0 /* Pods_study_RxSwift.framework */; };
		2C312F1228301AAF007BE505 /* BindingStoryboard.storyboard in Resources */ = {isa = PBXBuildFile; fileRef = 2C312F1128301AAF007BE505 /* BindingStoryboard.storyboard */; };
		2C312F1428301AC8007BE505 /* BindingViewController.swift in Sources */ = {isa = PBXBuildFile; fileRef = 2C312F1328301AC8007BE505 /* BindingViewController.swift */; };
		2C4DA6F92836C89A00454941 /* LimitOfTextFieldStoryboard.storyboard in Resources */ = {isa = PBXBuildFile; fileRef = 2C4DA6F82836C89A00454941 /* LimitOfTextFieldStoryboard.storyboard */; };
		2C4DA6FB2836C8D500454941 /* LimitOfTextFieldViewController.swift in Sources */ = {isa = PBXBuildFile; fileRef = 2C4DA6FA2836C8D500454941 /* LimitOfTextFieldViewController.swift */; };
		2C6ECD56282EBDA600AD611A /* AppDelegate.swift in Sources */ = {isa = PBXBuildFile; fileRef = 2C6ECD55282EBDA600AD611A /* AppDelegate.swift */; };
		2C6ECD58282EBDA600AD611A /* SceneDelegate.swift in Sources */ = {isa = PBXBuildFile; fileRef = 2C6ECD57282EBDA600AD611A /* SceneDelegate.swift */; };
		2C6ECD5A282EBDA600AD611A /* ViewController.swift in Sources */ = {isa = PBXBuildFile; fileRef = 2C6ECD59282EBDA600AD611A /* ViewController.swift */; };
		2C6ECD5D282EBDA600AD611A /* Main.storyboard in Resources */ = {isa = PBXBuildFile; fileRef = 2C6ECD5B282EBDA600AD611A /* Main.storyboard */; };
		2C6ECD5F282EBDA800AD611A /* Assets.xcassets in Resources */ = {isa = PBXBuildFile; fileRef = 2C6ECD5E282EBDA800AD611A /* Assets.xcassets */; };
		2C6ECD62282EBDA800AD611A /* LaunchScreen.storyboard in Resources */ = {isa = PBXBuildFile; fileRef = 2C6ECD60282EBDA800AD611A /* LaunchScreen.storyboard */; };
		2C6ECD6D282EC18400AD611A /* AlertStoryboard.storyboard in Resources */ = {isa = PBXBuildFile; fileRef = 2C6ECD6C282EC18400AD611A /* AlertStoryboard.storyboard */; };
		2C6ECD6F282EC19100AD611A /* AlertViewController.swift in Sources */ = {isa = PBXBuildFile; fileRef = 2C6ECD6E282EC19100AD611A /* AlertViewController.swift */; };
		2C9E43B82832976000F34238 /* DriverStoryboard.storyboard in Resources */ = {isa = PBXBuildFile; fileRef = 2C9E43B72832976000F34238 /* DriverStoryboard.storyboard */; };
		2C9E43BA2832976C00F34238 /* DriverViewController.swift in Sources */ = {isa = PBXBuildFile; fileRef = 2C9E43B92832976C00F34238 /* DriverViewController.swift */; };
/* End PBXBuildFile section */

/* Begin PBXFileReference section */
		2C312F1128301AAF007BE505 /* BindingStoryboard.storyboard */ = {isa = PBXFileReference; lastKnownFileType = file.storyboard; path = BindingStoryboard.storyboard; sourceTree = "<group>"; };
		2C312F1328301AC8007BE505 /* BindingViewController.swift */ = {isa = PBXFileReference; lastKnownFileType = sourcecode.swift; path = BindingViewController.swift; sourceTree = "<group>"; };
		2C4DA6F82836C89A00454941 /* LimitOfTextFieldStoryboard.storyboard */ = {isa = PBXFileReference; lastKnownFileType = file.storyboard; path = LimitOfTextFieldStoryboard.storyboard; sourceTree = "<group>"; };
		2C4DA6FA2836C8D500454941 /* LimitOfTextFieldViewController.swift */ = {isa = PBXFileReference; lastKnownFileType = sourcecode.swift; path = LimitOfTextFieldViewController.swift; sourceTree = "<group>"; };
		2C6ECD52282EBDA600AD611A /* study_RxSwift.app */ = {isa = PBXFileReference; explicitFileType = wrapper.application; includeInIndex = 0; path = study_RxSwift.app; sourceTree = BUILT_PRODUCTS_DIR; };
		2C6ECD55282EBDA600AD611A /* AppDelegate.swift */ = {isa = PBXFileReference; lastKnownFileType = sourcecode.swift; path = AppDelegate.swift; sourceTree = "<group>"; };
		2C6ECD57282EBDA600AD611A /* SceneDelegate.swift */ = {isa = PBXFileReference; lastKnownFileType = sourcecode.swift; path = SceneDelegate.swift; sourceTree = "<group>"; };
		2C6ECD59282EBDA600AD611A /* ViewController.swift */ = {isa = PBXFileReference; lastKnownFileType = sourcecode.swift; path = ViewController.swift; sourceTree = "<group>"; };
		2C6ECD5C282EBDA600AD611A /* Base */ = {isa = PBXFileReference; lastKnownFileType = file.storyboard; name = Base; path = Base.lproj/Main.storyboard; sourceTree = "<group>"; };
		2C6ECD5E282EBDA800AD611A /* Assets.xcassets */ = {isa = PBXFileReference; lastKnownFileType = folder.assetcatalog; path = Assets.xcassets; sourceTree = "<group>"; };
		2C6ECD61282EBDA800AD611A /* Base */ = {isa = PBXFileReference; lastKnownFileType = file.storyboard; name = Base; path = Base.lproj/LaunchScreen.storyboard; sourceTree = "<group>"; };
		2C6ECD63282EBDA800AD611A /* Info.plist */ = {isa = PBXFileReference; lastKnownFileType = text.plist.xml; path = Info.plist; sourceTree = "<group>"; };
		2C6ECD6C282EC18400AD611A /* AlertStoryboard.storyboard */ = {isa = PBXFileReference; lastKnownFileType = file.storyboard; path = AlertStoryboard.storyboard; sourceTree = "<group>"; };
		2C6ECD6E282EC19100AD611A /* AlertViewController.swift */ = {isa = PBXFileReference; lastKnownFileType = sourcecode.swift; path = AlertViewController.swift; sourceTree = "<group>"; };
		2C9E43B72832976000F34238 /* DriverStoryboard.storyboard */ = {isa = PBXFileReference; lastKnownFileType = file.storyboard; path = DriverStoryboard.storyboard; sourceTree = "<group>"; };
		2C9E43B92832976C00F34238 /* DriverViewController.swift */ = {isa = PBXFileReference; lastKnownFileType = sourcecode.swift; path = DriverViewController.swift; sourceTree = "<group>"; };
		58103A12739BDE98A94CD2CC /* Pods-study_RxSwift.debug.xcconfig */ = {isa = PBXFileReference; includeInIndex = 1; lastKnownFileType = text.xcconfig; name = "Pods-study_RxSwift.debug.xcconfig"; path = "Target Support Files/Pods-study_RxSwift/Pods-study_RxSwift.debug.xcconfig"; sourceTree = "<group>"; };
		AA301C32761B2E3942B171F0 /* Pods_study_RxSwift.framework */ = {isa = PBXFileReference; explicitFileType = wrapper.framework; includeInIndex = 0; path = Pods_study_RxSwift.framework; sourceTree = BUILT_PRODUCTS_DIR; };
		E2FA220FC6417D0316B392F6 /* Pods-study_RxSwift.release.xcconfig */ = {isa = PBXFileReference; includeInIndex = 1; lastKnownFileType = text.xcconfig; name = "Pods-study_RxSwift.release.xcconfig"; path = "Target Support Files/Pods-study_RxSwift/Pods-study_RxSwift.release.xcconfig"; sourceTree = "<group>"; };
/* End PBXFileReference section */

/* Begin PBXFrameworksBuildPhase section */
		2C6ECD4F282EBDA600AD611A /* Frameworks */ = {
			isa = PBXFrameworksBuildPhase;
			buildActionMask = 2147483647;
			files = (
				06F6466972C942FB043F0E3B /* Pods_study_RxSwift.framework in Frameworks */,
			);
			runOnlyForDeploymentPostprocessing = 0;
		};
/* End PBXFrameworksBuildPhase section */

/* Begin PBXGroup section */
		1C27682E927EB79408D3462B /* Frameworks */ = {
			isa = PBXGroup;
			children = (
				AA301C32761B2E3942B171F0 /* Pods_study_RxSwift.framework */,
			);
			name = Frameworks;
			sourceTree = "<group>";
		};
		2C312F1028301A87007BE505 /* Binding */ = {
			isa = PBXGroup;
			children = (
				2C312F1128301AAF007BE505 /* BindingStoryboard.storyboard */,
				2C312F1328301AC8007BE505 /* BindingViewController.swift */,
			);
			path = Binding;
			sourceTree = "<group>";
		};
		2C4DA6F72836C85F00454941 /* Max_character_limit_of_UITextField */ = {
			isa = PBXGroup;
			children = (
				2C4DA6F82836C89A00454941 /* LimitOfTextFieldStoryboard.storyboard */,
				2C4DA6FA2836C8D500454941 /* LimitOfTextFieldViewController.swift */,
			);
			path = Max_character_limit_of_UITextField;
			sourceTree = "<group>";
		};
		2C6ECD49282EBDA600AD611A = {
			isa = PBXGroup;
			children = (
				2C6ECD54282EBDA600AD611A /* study_RxSwift */,
				2C6ECD53282EBDA600AD611A /* Products */,
				8CA59625CD0CE07D833F8109 /* Pods */,
				1C27682E927EB79408D3462B /* Frameworks */,
			);
			sourceTree = "<group>";
		};
		2C6ECD53282EBDA600AD611A /* Products */ = {
			isa = PBXGroup;
			children = (
				2C6ECD52282EBDA600AD611A /* study_RxSwift.app */,
			);
			name = Products;
			sourceTree = "<group>";
		};
		2C6ECD54282EBDA600AD611A /* study_RxSwift */ = {
			isa = PBXGroup;
			children = (
				2C6ECD6B282EC15600AD611A /* Alert */,
				2C312F1028301A87007BE505 /* Binding */,
				2C9E43B62832975000F34238 /* Driver */,
				2C4DA6F72836C85F00454941 /* Max_character_limit_of_UITextField */,
				2C6ECD55282EBDA600AD611A /* AppDelegate.swift */,
				2C6ECD57282EBDA600AD611A /* SceneDelegate.swift */,
				2C6ECD59282EBDA600AD611A /* ViewController.swift */,
				2C6ECD5B282EBDA600AD611A /* Main.storyboard */,
				2C6ECD5E282EBDA800AD611A /* Assets.xcassets */,
				2C6ECD60282EBDA800AD611A /* LaunchScreen.storyboard */,
				2C6ECD63282EBDA800AD611A /* Info.plist */,
			);
			path = study_RxSwift;
			sourceTree = "<group>";
		};
		2C6ECD6B282EC15600AD611A /* Alert */ = {
			isa = PBXGroup;
			children = (
				2C6ECD6C282EC18400AD611A /* AlertStoryboard.storyboard */,
				2C6ECD6E282EC19100AD611A /* AlertViewController.swift */,
			);
			path = Alert;
			sourceTree = "<group>";
		};
		2C9E43B62832975000F34238 /* Driver */ = {
			isa = PBXGroup;
			children = (
				2C9E43B72832976000F34238 /* DriverStoryboard.storyboard */,
				2C9E43B92832976C00F34238 /* DriverViewController.swift */,
			);
			path = Driver;
			sourceTree = "<group>";
		};
		8CA59625CD0CE07D833F8109 /* Pods */ = {
			isa = PBXGroup;
			children = (
				58103A12739BDE98A94CD2CC /* Pods-study_RxSwift.debug.xcconfig */,
				E2FA220FC6417D0316B392F6 /* Pods-study_RxSwift.release.xcconfig */,
			);
			path = Pods;
			sourceTree = "<group>";
		};
/* End PBXGroup section */

/* Begin PBXNativeTarget section */
		2C6ECD51282EBDA600AD611A /* study_RxSwift */ = {
			isa = PBXNativeTarget;
			buildConfigurationList = 2C6ECD66282EBDA800AD611A /* Build configuration list for PBXNativeTarget "study_RxSwift" */;
			buildPhases = (
				8B066DDDE4B23CB51450DE9C /* [CP] Check Pods Manifest.lock */,
				2C6ECD4E282EBDA600AD611A /* Sources */,
				2C6ECD4F282EBDA600AD611A /* Frameworks */,
				2C6ECD50282EBDA600AD611A /* Resources */,
				C5D56D053BA6F055EAE7994F /* [CP] Embed Pods Frameworks */,
			);
			buildRules = (
			);
			dependencies = (
			);
			name = study_RxSwift;
			productName = study_RxSwift;
			productReference = 2C6ECD52282EBDA600AD611A /* study_RxSwift.app */;
			productType = "com.apple.product-type.application";
		};
/* End PBXNativeTarget section */

/* Begin PBXProject section */
		2C6ECD4A282EBDA600AD611A /* Project object */ = {
			isa = PBXProject;
			attributes = {
				BuildIndependentTargetsInParallel = 1;
				LastSwiftUpdateCheck = 1330;
				LastUpgradeCheck = 1330;
				TargetAttributes = {
					2C6ECD51282EBDA600AD611A = {
						CreatedOnToolsVersion = 13.3.1;
					};
				};
			};
			buildConfigurationList = 2C6ECD4D282EBDA600AD611A /* Build configuration list for PBXProject "study_RxSwift" */;
			compatibilityVersion = "Xcode 13.0";
			developmentRegion = en;
			hasScannedForEncodings = 0;
			knownRegions = (
				en,
				Base,
			);
			mainGroup = 2C6ECD49282EBDA600AD611A;
			productRefGroup = 2C6ECD53282EBDA600AD611A /* Products */;
			projectDirPath = "";
			projectRoot = "";
			targets = (
				2C6ECD51282EBDA600AD611A /* study_RxSwift */,
			);
		};
/* End PBXProject section */

/* Begin PBXResourcesBuildPhase section */
		2C6ECD50282EBDA600AD611A /* Resources */ = {
			isa = PBXResourcesBuildPhase;
			buildActionMask = 2147483647;
			files = (
				2C6ECD62282EBDA800AD611A /* LaunchScreen.storyboard in Resources */,
				2C6ECD6D282EC18400AD611A /* AlertStoryboard.storyboard in Resources */,
				2C312F1228301AAF007BE505 /* BindingStoryboard.storyboard in Resources */,
				2C6ECD5F282EBDA800AD611A /* Assets.xcassets in Resources */,
				2C6ECD5D282EBDA600AD611A /* Main.storyboard in Resources */,
				2C4DA6F92836C89A00454941 /* LimitOfTextFieldStoryboard.storyboard in Resources */,
				2C9E43B82832976000F34238 /* DriverStoryboard.storyboard in Resources */,
			);
			runOnlyForDeploymentPostprocessing = 0;
		};
/* End PBXResourcesBuildPhase section */

/* Begin PBXShellScriptBuildPhase section */
		8B066DDDE4B23CB51450DE9C /* [CP] Check Pods Manifest.lock */ = {
			isa = PBXShellScriptBuildPhase;
			buildActionMask = 2147483647;
			files = (
			);
			inputFileListPaths = (
			);
			inputPaths = (
				"${PODS_PODFILE_DIR_PATH}/Podfile.lock",
				"${PODS_ROOT}/Manifest.lock",
			);
			name = "[CP] Check Pods Manifest.lock";
			outputFileListPaths = (
			);
			outputPaths = (
				"$(DERIVED_FILE_DIR)/Pods-study_RxSwift-checkManifestLockResult.txt",
			);
			runOnlyForDeploymentPostprocessing = 0;
			shellPath = /bin/sh;
			shellScript = "diff \"${PODS_PODFILE_DIR_PATH}/Podfile.lock\" \"${PODS_ROOT}/Manifest.lock\" > /dev/null\nif [ $? != 0 ] ; then\n    # print error to STDERR\n    echo \"error: The sandbox is not in sync with the Podfile.lock. Run 'pod install' or update your CocoaPods installation.\" >&2\n    exit 1\nfi\n# This output is used by Xcode 'outputs' to avoid re-running this script phase.\necho \"SUCCESS\" > \"${SCRIPT_OUTPUT_FILE_0}\"\n";
			showEnvVarsInLog = 0;
		};
		C5D56D053BA6F055EAE7994F /* [CP] Embed Pods Frameworks */ = {
			isa = PBXShellScriptBuildPhase;
			buildActionMask = 2147483647;
			files = (
			);
			inputFileListPaths = (
				"${PODS_ROOT}/Target Support Files/Pods-study_RxSwift/Pods-study_RxSwift-frameworks-${CONFIGURATION}-input-files.xcfilelist",
			);
			name = "[CP] Embed Pods Frameworks";
			outputFileListPaths = (
				"${PODS_ROOT}/Target Support Files/Pods-study_RxSwift/Pods-study_RxSwift-frameworks-${CONFIGURATION}-output-files.xcfilelist",
			);
			runOnlyForDeploymentPostprocessing = 0;
			shellPath = /bin/sh;
			shellScript = "\"${PODS_ROOT}/Target Support Files/Pods-study_RxSwift/Pods-study_RxSwift-frameworks.sh\"\n";
			showEnvVarsInLog = 0;
		};
/* End PBXShellScriptBuildPhase section */

/* Begin PBXSourcesBuildPhase section */
		2C6ECD4E282EBDA600AD611A /* Sources */ = {
			isa = PBXSourcesBuildPhase;
			buildActionMask = 2147483647;
			files = (
				2C4DA6FB2836C8D500454941 /* LimitOfTextFieldViewController.swift in Sources */,
				2C9E43BA2832976C00F34238 /* DriverViewController.swift in Sources */,
				2C6ECD5A282EBDA600AD611A /* ViewController.swift in Sources */,
				2C6ECD56282EBDA600AD611A /* AppDelegate.swift in Sources */,
				2C6ECD58282EBDA600AD611A /* SceneDelegate.swift in Sources */,
				2C6ECD6F282EC19100AD611A /* AlertViewController.swift in Sources */,
				2C312F1428301AC8007BE505 /* BindingViewController.swift in Sources */,
			);
			runOnlyForDeploymentPostprocessing = 0;
		};
/* End PBXSourcesBuildPhase section */

/* Begin PBXVariantGroup section */
		2C6ECD5B282EBDA600AD611A /* Main.storyboard */ = {
			isa = PBXVariantGroup;
			children = (
				2C6ECD5C282EBDA600AD611A /* Base */,
			);
			name = Main.storyboard;
			sourceTree = "<group>";
		};
		2C6ECD60282EBDA800AD611A /* LaunchScreen.storyboard */ = {
			isa = PBXVariantGroup;
			children = (
				2C6ECD61282EBDA800AD611A /* Base */,
			);
			name = LaunchScreen.storyboard;
			sourceTree = "<group>";
		};
/* End PBXVariantGroup section */

/* Begin XCBuildConfiguration section */
		2C6ECD64282EBDA800AD611A /* Debug */ = {
			isa = XCBuildConfiguration;
			buildSettings = {
				ALWAYS_SEARCH_USER_PATHS = NO;
				CLANG_ANALYZER_NONNULL = YES;
				CLANG_ANALYZER_NUMBER_OBJECT_CONVERSION = YES_AGGRESSIVE;
				CLANG_CXX_LANGUAGE_STANDARD = "gnu++17";
				CLANG_ENABLE_MODULES = YES;
				CLANG_ENABLE_OBJC_ARC = YES;
				CLANG_ENABLE_OBJC_WEAK = YES;
				CLANG_WARN_BLOCK_CAPTURE_AUTORELEASING = YES;
				CLANG_WARN_BOOL_CONVERSION = YES;
				CLANG_WARN_COMMA = YES;
				CLANG_WARN_CONSTANT_CONVERSION = YES;
				CLANG_WARN_DEPRECATED_OBJC_IMPLEMENTATIONS = YES;
				CLANG_WARN_DIRECT_OBJC_ISA_USAGE = YES_ERROR;
				CLANG_WARN_DOCUMENTATION_COMMENTS = YES;
				CLANG_WARN_EMPTY_BODY = YES;
				CLANG_WARN_ENUM_CONVERSION = YES;
				CLANG_WARN_INFINITE_RECURSION = YES;
				CLANG_WARN_INT_CONVERSION = YES;
				CLANG_WARN_NON_LITERAL_NULL_CONVERSION = YES;
				CLANG_WARN_OBJC_IMPLICIT_RETAIN_SELF = YES;
				CLANG_WARN_OBJC_LITERAL_CONVERSION = YES;
				CLANG_WARN_OBJC_ROOT_CLASS = YES_ERROR;
				CLANG_WARN_QUOTED_INCLUDE_IN_FRAMEWORK_HEADER = YES;
				CLANG_WARN_RANGE_LOOP_ANALYSIS = YES;
				CLANG_WARN_STRICT_PROTOTYPES = YES;
				CLANG_WARN_SUSPICIOUS_MOVE = YES;
				CLANG_WARN_UNGUARDED_AVAILABILITY = YES_AGGRESSIVE;
				CLANG_WARN_UNREACHABLE_CODE = YES;
				CLANG_WARN__DUPLICATE_METHOD_MATCH = YES;
				COPY_PHASE_STRIP = NO;
				DEBUG_INFORMATION_FORMAT = dwarf;
				ENABLE_STRICT_OBJC_MSGSEND = YES;
				ENABLE_TESTABILITY = YES;
				GCC_C_LANGUAGE_STANDARD = gnu11;
				GCC_DYNAMIC_NO_PIC = NO;
				GCC_NO_COMMON_BLOCKS = YES;
				GCC_OPTIMIZATION_LEVEL = 0;
				GCC_PREPROCESSOR_DEFINITIONS = (
					"DEBUG=1",
					"$(inherited)",
				);
				GCC_WARN_64_TO_32_BIT_CONVERSION = YES;
				GCC_WARN_ABOUT_RETURN_TYPE = YES_ERROR;
				GCC_WARN_UNDECLARED_SELECTOR = YES;
				GCC_WARN_UNINITIALIZED_AUTOS = YES_AGGRESSIVE;
				GCC_WARN_UNUSED_FUNCTION = YES;
				GCC_WARN_UNUSED_VARIABLE = YES;
				IPHONEOS_DEPLOYMENT_TARGET = 15.4;
				MTL_ENABLE_DEBUG_INFO = INCLUDE_SOURCE;
				MTL_FAST_MATH = YES;
				ONLY_ACTIVE_ARCH = YES;
				SDKROOT = iphoneos;
				SWIFT_ACTIVE_COMPILATION_CONDITIONS = DEBUG;
				SWIFT_OPTIMIZATION_LEVEL = "-Onone";
			};
			name = Debug;
		};
		2C6ECD65282EBDA800AD611A /* Release */ = {
			isa = XCBuildConfiguration;
			buildSettings = {
				ALWAYS_SEARCH_USER_PATHS = NO;
				CLANG_ANALYZER_NONNULL = YES;
				CLANG_ANALYZER_NUMBER_OBJECT_CONVERSION = YES_AGGRESSIVE;
				CLANG_CXX_LANGUAGE_STANDARD = "gnu++17";
				CLANG_ENABLE_MODULES = YES;
				CLANG_ENABLE_OBJC_ARC = YES;
				CLANG_ENABLE_OBJC_WEAK = YES;
				CLANG_WARN_BLOCK_CAPTURE_AUTORELEASING = YES;
				CLANG_WARN_BOOL_CONVERSION = YES;
				CLANG_WARN_COMMA = YES;
				CLANG_WARN_CONSTANT_CONVERSION = YES;
				CLANG_WARN_DEPRECATED_OBJC_IMPLEMENTATIONS = YES;
				CLANG_WARN_DIRECT_OBJC_ISA_USAGE = YES_ERROR;
				CLANG_WARN_DOCUMENTATION_COMMENTS = YES;
				CLANG_WARN_EMPTY_BODY = YES;
				CLANG_WARN_ENUM_CONVERSION = YES;
				CLANG_WARN_INFINITE_RECURSION = YES;
				CLANG_WARN_INT_CONVERSION = YES;
				CLANG_WARN_NON_LITERAL_NULL_CONVERSION = YES;
				CLANG_WARN_OBJC_IMPLICIT_RETAIN_SELF = YES;
				CLANG_WARN_OBJC_LITERAL_CONVERSION = YES;
				CLANG_WARN_OBJC_ROOT_CLASS = YES_ERROR;
				CLANG_WARN_QUOTED_INCLUDE_IN_FRAMEWORK_HEADER = YES;
				CLANG_WARN_RANGE_LOOP_ANALYSIS = YES;
				CLANG_WARN_STRICT_PROTOTYPES = YES;
				CLANG_WARN_SUSPICIOUS_MOVE = YES;
				CLANG_WARN_UNGUARDED_AVAILABILITY = YES_AGGRESSIVE;
				CLANG_WARN_UNREACHABLE_CODE = YES;
				CLANG_WARN__DUPLICATE_METHOD_MATCH = YES;
				COPY_PHASE_STRIP = NO;
				DEBUG_INFORMATION_FORMAT = "dwarf-with-dsym";
				ENABLE_NS_ASSERTIONS = NO;
				ENABLE_STRICT_OBJC_MSGSEND = YES;
				GCC_C_LANGUAGE_STANDARD = gnu11;
				GCC_NO_COMMON_BLOCKS = YES;
				GCC_WARN_64_TO_32_BIT_CONVERSION = YES;
				GCC_WARN_ABOUT_RETURN_TYPE = YES_ERROR;
				GCC_WARN_UNDECLARED_SELECTOR = YES;
				GCC_WARN_UNINITIALIZED_AUTOS = YES_AGGRESSIVE;
				GCC_WARN_UNUSED_FUNCTION = YES;
				GCC_WARN_UNUSED_VARIABLE = YES;
				IPHONEOS_DEPLOYMENT_TARGET = 15.4;
				MTL_ENABLE_DEBUG_INFO = NO;
				MTL_FAST_MATH = YES;
				SDKROOT = iphoneos;
				SWIFT_COMPILATION_MODE = wholemodule;
				SWIFT_OPTIMIZATION_LEVEL = "-O";
				VALIDATE_PRODUCT = YES;
			};
			name = Release;
		};
		2C6ECD67282EBDA800AD611A /* Debug */ = {
			isa = XCBuildConfiguration;
			baseConfigurationReference = 58103A12739BDE98A94CD2CC /* Pods-study_RxSwift.debug.xcconfig */;
			buildSettings = {
				ASSETCATALOG_COMPILER_APPICON_NAME = AppIcon;
				ASSETCATALOG_COMPILER_GLOBAL_ACCENT_COLOR_NAME = AccentColor;
				CODE_SIGN_STYLE = Automatic;
				CURRENT_PROJECT_VERSION = 1;
				DEVELOPMENT_TEAM = 694FXKZ628;
				GENERATE_INFOPLIST_FILE = YES;
				INFOPLIST_FILE = study_RxSwift/Info.plist;
				INFOPLIST_KEY_UIApplicationSupportsIndirectInputEvents = YES;
				INFOPLIST_KEY_UILaunchStoryboardName = LaunchScreen;
				INFOPLIST_KEY_UIMainStoryboardFile = Main;
				INFOPLIST_KEY_UISupportedInterfaceOrientations_iPad = "UIInterfaceOrientationPortrait UIInterfaceOrientationPortraitUpsideDown UIInterfaceOrientationLandscapeLeft UIInterfaceOrientationLandscapeRight";
				INFOPLIST_KEY_UISupportedInterfaceOrientations_iPhone = "UIInterfaceOrientationPortrait UIInterfaceOrientationLandscapeLeft UIInterfaceOrientationLandscapeRight";
				IPHONEOS_DEPLOYMENT_TARGET = 13.0;
				LD_RUNPATH_SEARCH_PATHS = (
					"$(inherited)",
					"@executable_path/Frameworks",
				);
				MARKETING_VERSION = 1.0;
				PRODUCT_BUNDLE_IDENTIFIER = "com.hyunwooJang.com.study-RxSwift";
				PRODUCT_NAME = "$(TARGET_NAME)";
				SWIFT_EMIT_LOC_STRINGS = YES;
				SWIFT_VERSION = 5.0;
				TARGETED_DEVICE_FAMILY = "1,2";
			};
			name = Debug;
		};
		2C6ECD68282EBDA800AD611A /* Release */ = {
			isa = XCBuildConfiguration;
			baseConfigurationReference = E2FA220FC6417D0316B392F6 /* Pods-study_RxSwift.release.xcconfig */;
			buildSettings = {
				ASSETCATALOG_COMPILER_APPICON_NAME = AppIcon;
				ASSETCATALOG_COMPILER_GLOBAL_ACCENT_COLOR_NAME = AccentColor;
				CODE_SIGN_STYLE = Automatic;
				CURRENT_PROJECT_VERSION = 1;
				DEVELOPMENT_TEAM = 694FXKZ628;
				GENERATE_INFOPLIST_FILE = YES;
				INFOPLIST_FILE = study_RxSwift/Info.plist;
				INFOPLIST_KEY_UIApplicationSupportsIndirectInputEvents = YES;
				INFOPLIST_KEY_UILaunchStoryboardName = LaunchScreen;
				INFOPLIST_KEY_UIMainStoryboardFile = Main;
				INFOPLIST_KEY_UISupportedInterfaceOrientations_iPad = "UIInterfaceOrientationPortrait UIInterfaceOrientationPortraitUpsideDown UIInterfaceOrientationLandscapeLeft UIInterfaceOrientationLandscapeRight";
				INFOPLIST_KEY_UISupportedInterfaceOrientations_iPhone = "UIInterfaceOrientationPortrait UIInterfaceOrientationLandscapeLeft UIInterfaceOrientationLandscapeRight";
				IPHONEOS_DEPLOYMENT_TARGET = 13.0;
				LD_RUNPATH_SEARCH_PATHS = (
					"$(inherited)",
					"@executable_path/Frameworks",
				);
				MARKETING_VERSION = 1.0;
				PRODUCT_BUNDLE_IDENTIFIER = "com.hyunwooJang.com.study-RxSwift";
				PRODUCT_NAME = "$(TARGET_NAME)";
				SWIFT_EMIT_LOC_STRINGS = YES;
				SWIFT_VERSION = 5.0;
				TARGETED_DEVICE_FAMILY = "1,2";
			};
			name = Release;
		};
/* End XCBuildConfiguration section */

/* Begin XCConfigurationList section */
		2C6ECD4D282EBDA600AD611A /* Build configuration list for PBXProject "study_RxSwift" */ = {
			isa = XCConfigurationList;
			buildConfigurations = (
				2C6ECD64282EBDA800AD611A /* Debug */,
				2C6ECD65282EBDA800AD611A /* Release */,
			);
			defaultConfigurationIsVisible = 0;
			defaultConfigurationName = Release;
		};
		2C6ECD66282EBDA800AD611A /* Build configuration list for PBXNativeTarget "study_RxSwift" */ = {
			isa = XCConfigurationList;
			buildConfigurations = (
				2C6ECD67282EBDA800AD611A /* Debug */,
				2C6ECD68282EBDA800AD611A /* Release */,
			);
			defaultConfigurationIsVisible = 0;
			defaultConfigurationName = Release;
		};
/* End XCConfigurationList section */
	};
	rootObject = 2C6ECD4A282EBDA600AD611A /* Project object */;
}
